<?xml version="1.0" encoding="utf-8"?>
<Project ToolsVersion="4.0" xmlns="http://schemas.microsoft.com/developer/msbuild/2003">
  <ItemGroup>
    <Filter Include="Source Files">
      <UniqueIdentifier>{4FC737F1-C7A5-4376-A066-2A32D752A2FF}</UniqueIdentifier>
      <Extensions>cpp;c;cc;cxx;c++;cppm;ixx;def;odl;idl;hpj;bat;asm;asmx</Extensions>
    </Filter>
    <Filter Include="Header Files">
      <UniqueIdentifier>{93995380-89BD-4b04-88EB-625FBE52EBFB}</UniqueIdentifier>
      <Extensions>h;hh;hpp;hxx;h++;hm;inl;inc;ipp;xsd</Extensions>
    </Filter>
    <Filter Include="Resource Files">
      <UniqueIdentifier>{67DA6AB6-F800-4c08-8B7A-83BB121AAD01}</UniqueIdentifier>
      <Extensions>rc;ico;cur;bmp;dlg;rc2;rct;bin;rgs;gif;jpg;jpeg;jpe;resx;tiff;tif;png;wav;mfcribbon-ms</Extensions>
    </Filter>
    <Filter Include="ObjLoader">
      <UniqueIdentifier>{2d953798-fb95-4983-9dbd-6ffe2d120375}</UniqueIdentifier>
    </Filter>
    <Filter Include="CoordinateSystemLogic">
      <UniqueIdentifier>{21ef3da2-13f9-4ebb-abba-e420c1bb9e55}</UniqueIdentifier>
    </Filter>
    <Filter Include="CoordinateSystemLogic\Headers">
      <UniqueIdentifier>{7fae32e9-53d1-4784-99bd-daa56c4a0fc1}</UniqueIdentifier>
    </Filter>
    <Filter Include="ObjLoader\Headers">
      <UniqueIdentifier>{f231388d-1f5b-4b9a-9152-9e436eef1092}</UniqueIdentifier>
    </Filter>
    <Filter Include="CoordinateSystemLogic\Headers\Vectors">
      <UniqueIdentifier>{45713749-9dfb-46e3-bc4e-1b6aaceeb6dc}</UniqueIdentifier>
    </Filter>
    <Filter Include="ThreadPool">
      <UniqueIdentifier>{19f6673d-24ba-47f3-9110-db31f259bc5e}</UniqueIdentifier>
    </Filter>
    <Filter Include="Polygon">
      <UniqueIdentifier>{7469d485-e67d-4975-b1ec-48a5e5e4b685}</UniqueIdentifier>
    </Filter>
    <Filter Include="Polygon\Headers">
      <UniqueIdentifier>{08bf1309-70bc-4d0c-8d0b-1c30cba9f88f}</UniqueIdentifier>
    </Filter>
    <Filter Include="Rasterizator">
      <UniqueIdentifier>{9e91b89e-e170-4537-b99f-659b315ed4cc}</UniqueIdentifier>
    </Filter>
    <Filter Include="Light">
      <UniqueIdentifier>{5461486f-908f-4a47-902f-36d770220014}</UniqueIdentifier>
    </Filter>
    <Filter Include="MathLogic">
      <UniqueIdentifier>{c9fe28ab-48ae-4762-a59c-41adad134e35}</UniqueIdentifier>
    </Filter>
    <Filter Include="TextureLoader">
      <UniqueIdentifier>{555b2fe1-76f0-4d6d-8fae-5e81805f02b4}</UniqueIdentifier>
    </Filter>
  </ItemGroup>
  <ItemGroup>
    <ClCompile Include="ObjLoader.cpp">
      <Filter>ObjLoader</Filter>
    </ClCompile>
    <ClCompile Include="CoordSystem.cpp">
      <Filter>CoordinateSystemLogic</Filter>
    </ClCompile>
    <ClCompile Include="Triangle.cpp">
      <Filter>Polygon</Filter>
    </ClCompile>
    <ClCompile Include="Rasterizator.cpp">
      <Filter>Rasterizator</Filter>
    </ClCompile>
    <ClCompile Include="LightLogic.cpp">
      <Filter>Light</Filter>
    </ClCompile>
    <ClCompile Include="PointLightStruct.cpp">
      <Filter>Light</Filter>
    </ClCompile>
    <ClCompile Include="3DVectorStruct.cpp">
      <Filter>CoordinateSystemLogic\Headers\Vectors</Filter>
    </ClCompile>
    <ClCompile Include="MathLogic.cpp">
      <Filter>MathLogic</Filter>
    </ClCompile>
    <ClCompile Include="IntersectionInfo.h">
      <Filter>Light</Filter>
    </ClCompile>
    <ClCompile Include="WindowMain.cpp">
      <Filter>Source Files</Filter>
    </ClCompile>
    <ClCompile Include="TextureLoader.cpp">
      <Filter>TextureLoader</Filter>
    </ClCompile>
    <ClCompile Include="Mat3Struct.cpp">
      <Filter>MathLogic</Filter>
    </ClCompile>
  </ItemGroup>
  <ItemGroup>
    <ClInclude Include="WindowMain.h">
      <Filter>Header Files</Filter>
    </ClInclude>
    <ClInclude Include="ObjLoader.h">
      <Filter>ObjLoader\Headers</Filter>
    </ClInclude>
    <ClInclude Include="tiny_obj_loader.h">
      <Filter>ObjLoader\Headers</Filter>
    </ClInclude>
    <ClInclude Include="3DVectorStruct.h">
      <Filter>CoordinateSystemLogic\Headers\Vectors</Filter>
    </ClInclude>
    <ClInclude Include="HomogeneousVectorStruct.h">
      <Filter>CoordinateSystemLogic\Headers\Vectors</Filter>
    </ClInclude>
    <ClInclude Include="CoordSystem.h">
      <Filter>CoordinateSystemLogic\Headers</Filter>
    </ClInclude>
    <ClInclude Include="ThreadPool.h">
      <Filter>ThreadPool</Filter>
    </ClInclude>
    <ClInclude Include="Triangle.h">
      <Filter>Polygon\Headers</Filter>
    </ClInclude>
    <ClInclude Include="Rasterizator.h">
      <Filter>Rasterizator</Filter>
    </ClInclude>
    <ClInclude Include="Rectangle2D.h">
      <Filter>Rasterizator</Filter>
    </ClInclude>
    <ClInclude Include="LightLogic.h">
      <Filter>Light</Filter>
    </ClInclude>
    <ClInclude Include="PointLightStruct.h">
      <Filter>Light</Filter>
    </ClInclude>
    <ClInclude Include="MathLogic.h">
      <Filter>MathLogic</Filter>
    </ClInclude>
    <ClInclude Include="GlobalParams.h">
      <Filter>Header Files</Filter>
    </ClInclude>
    <ClInclude Include="ImageLoader\stb_image.h">
      <Filter>Header Files</Filter>
    </ClInclude>
    <ClInclude Include="TextureLoader.h">
      <Filter>TextureLoader</Filter>
    </ClInclude>
    <ClInclude Include="TextureStruct.h">
      <Filter>TextureLoader</Filter>
    </ClInclude>
    <ClInclude Include="Mat3Struct.h">
      <Filter>MathLogic</Filter>
    </ClInclude>
  </ItemGroup>
</Project>